
Microsoft Visual Studio Solution File, Format Version 12.00
# Visual Studio Version 17
VisualStudioVersion = 17.4.33213.308
MinimumVisualStudioVersion = 10.0.40219.1
Project("{9A19103F-16F7-4668-BE54-9A1E7A4F7556}") = "JobSity.Chatroom.API", "src\JobSity.Chatroom.API\JobSity.Chatroom.API.csproj", "{9A8754E2-BF48-4273-9902-12E68BEBE3B4}"
EndProject
Project("{2150E333-8FDC-42A3-9474-1A3956D46DE8}") = "src", "src", "{2E1CE8B6-82D6-4168-9DF2-BE301FFD194D}"
EndProject
Project("{2150E333-8FDC-42A3-9474-1A3956D46DE8}") = "Application", "Application", "{00D469BA-2B14-4E24-8A69-728B9F6C2539}"
EndProject
Project("{2150E333-8FDC-42A3-9474-1A3956D46DE8}") = "WebApi", "WebApi", "{A79B2AD3-E7D7-49BD-8556-729D2CC172AC}"
EndProject
Project("{2150E333-8FDC-42A3-9474-1A3956D46DE8}") = "test", "test", "{1D9FFB72-DD57-4C41-9710-29124F96DA04}"
EndProject
Project("{9A19103F-16F7-4668-BE54-9A1E7A4F7556}") = "JobSity.Chatroom.Application", "src\JobSity.Chatroom.Application\JobSity.Chatroom.Application.csproj", "{B62C431C-80F0-4587-9B81-8C1B7D7BD8F4}"
EndProject
Project("{9A19103F-16F7-4668-BE54-9A1E7A4F7556}") = "JobSity.Chatroom.Tests.Unit", "test\JobSity.Chatroom.Tests.Unit\JobSity.Chatroom.Tests.Unit.csproj", "{4B949DDA-5590-44DA-8C89-4A4FC716C340}"
EndProject
Project("{9A19103F-16F7-4668-BE54-9A1E7A4F7556}") = "JobSity.Chatroom.Bot.API", "src\JobSity.Chatroom.Bot.API\JobSity.Chatroom.Bot.API.csproj", "{6FAB00B9-26F4-4EC8-AE56-5C3CD27DCB77}"
EndProject
Global
	GlobalSection(SolutionConfigurationPlatforms) = preSolution
		Debug|Any CPU = Debug|Any CPU
		Release|Any CPU = Release|Any CPU
	EndGlobalSection
	GlobalSection(ProjectConfigurationPlatforms) = postSolution
		{9A8754E2-BF48-4273-9902-12E68BEBE3B4}.Debug|Any CPU.ActiveCfg = Debug|Any CPU
		{9A8754E2-BF48-4273-9902-12E68BEBE3B4}.Debug|Any CPU.Build.0 = Debug|Any CPU
		{9A8754E2-BF48-4273-9902-12E68BEBE3B4}.Release|Any CPU.ActiveCfg = Release|Any CPU
		{9A8754E2-BF48-4273-9902-12E68BEBE3B4}.Release|Any CPU.Build.0 = Release|Any CPU
		{B62C431C-80F0-4587-9B81-8C1B7D7BD8F4}.Debug|Any CPU.ActiveCfg = Debug|Any CPU
		{B62C431C-80F0-4587-9B81-8C1B7D7BD8F4}.Debug|Any CPU.Build.0 = Debug|Any CPU
		{B62C431C-80F0-4587-9B81-8C1B7D7BD8F4}.Release|Any CPU.ActiveCfg = Release|Any CPU
		{B62C431C-80F0-4587-9B81-8C1B7D7BD8F4}.Release|Any CPU.Build.0 = Release|Any CPU
		{4B949DDA-5590-44DA-8C89-4A4FC716C340}.Debug|Any CPU.ActiveCfg = Debug|Any CPU
		{4B949DDA-5590-44DA-8C89-4A4FC716C340}.Debug|Any CPU.Build.0 = Debug|Any CPU
		{4B949DDA-5590-44DA-8C89-4A4FC716C340}.Release|Any CPU.ActiveCfg = Release|Any CPU
		{4B949DDA-5590-44DA-8C89-4A4FC716C340}.Release|Any CPU.Build.0 = Release|Any CPU
		{6FAB00B9-26F4-4EC8-AE56-5C3CD27DCB77}.Debug|Any CPU.ActiveCfg = Debug|Any CPU
		{6FAB00B9-26F4-4EC8-AE56-5C3CD27DCB77}.Debug|Any CPU.Build.0 = Debug|Any CPU
		{6FAB00B9-26F4-4EC8-AE56-5C3CD27DCB77}.Release|Any CPU.ActiveCfg = Release|Any CPU
		{6FAB00B9-26F4-4EC8-AE56-5C3CD27DCB77}.Release|Any CPU.Build.0 = Release|Any CPU
	EndGlobalSection
	GlobalSection(SolutionProperties) = preSolution
		HideSolutionNode = FALSE
	EndGlobalSection
	GlobalSection(NestedProjects) = preSolution
		{9A8754E2-BF48-4273-9902-12E68BEBE3B4} = {A79B2AD3-E7D7-49BD-8556-729D2CC172AC}
		{00D469BA-2B14-4E24-8A69-728B9F6C2539} = {2E1CE8B6-82D6-4168-9DF2-BE301FFD194D}
		{A79B2AD3-E7D7-49BD-8556-729D2CC172AC} = {2E1CE8B6-82D6-4168-9DF2-BE301FFD194D}
		{B62C431C-80F0-4587-9B81-8C1B7D7BD8F4} = {00D469BA-2B14-4E24-8A69-728B9F6C2539}
		{4B949DDA-5590-44DA-8C89-4A4FC716C340} = {1D9FFB72-DD57-4C41-9710-29124F96DA04}
		{6FAB00B9-26F4-4EC8-AE56-5C3CD27DCB77} = {A79B2AD3-E7D7-49BD-8556-729D2CC172AC}
	EndGlobalSection
	GlobalSection(ExtensibilityGlobals) = postSolution
		SolutionGuid = {2EA175FC-BEDE-4F9C-94C6-C99D011A0AE9}
	EndGlobalSection
EndGlobal
